// !$*UTF8*$!
{
	archiveVersion = 1;
	classes = {
	};
	objectVersion = 46;
	objects = {

/* Begin PBXBuildFile section */
		3F28146910C4B023A6092E94 /* Pods_JobSpot_iOS.framework in Frameworks */ = {isa = PBXBuildFile; fileRef = 27C8BD7E9C5F24A65C41403F /* Pods_JobSpot_iOS.framework */; };
		400F9CA41F81AD0000572B04 /* DisplayAnnotation.swift in Sources */ = {isa = PBXBuildFile; fileRef = 400F9CA31F81AD0000572B04 /* DisplayAnnotation.swift */; };
		400F9CA61F81C3A600572B04 /* HomeControllerLV.swift in Sources */ = {isa = PBXBuildFile; fileRef = 400F9CA51F81C3A600572B04 /* HomeControllerLV.swift */; };
		40179B271F7B25E9003E0021 /* AppDelegate.swift in Sources */ = {isa = PBXBuildFile; fileRef = 40179B261F7B25E9003E0021 /* AppDelegate.swift */; };
		40179B291F7B25E9003E0021 /* ViewController.swift in Sources */ = {isa = PBXBuildFile; fileRef = 40179B281F7B25E9003E0021 /* ViewController.swift */; };
		40179B2C1F7B25E9003E0021 /* Main.storyboard in Resources */ = {isa = PBXBuildFile; fileRef = 40179B2A1F7B25E9003E0021 /* Main.storyboard */; };
		40179B2E1F7B25E9003E0021 /* Assets.xcassets in Resources */ = {isa = PBXBuildFile; fileRef = 40179B2D1F7B25E9003E0021 /* Assets.xcassets */; };
		40179B311F7B25E9003E0021 /* LaunchScreen.storyboard in Resources */ = {isa = PBXBuildFile; fileRef = 40179B2F1F7B25E9003E0021 /* LaunchScreen.storyboard */; };
		401A049B1F8862F90061AA79 /* YNDropDown.xib in Resources */ = {isa = PBXBuildFile; fileRef = 401A049A1F8862F90061AA79 /* YNDropDown.xib */; };
		401A049D1F886BD00061AA79 /* YNDropDownClasses.swift in Sources */ = {isa = PBXBuildFile; fileRef = 401A049C1F886BD00061AA79 /* YNDropDownClasses.swift */; };
		401A049F1F8890A20061AA79 /* ListViewController.swift in Sources */ = {isa = PBXBuildFile; fileRef = 401A049E1F8890A20061AA79 /* ListViewController.swift */; };
		401A04A21F89678F0061AA79 /* DisplayStruct.swift in Sources */ = {isa = PBXBuildFile; fileRef = 401A04A11F89678F0061AA79 /* DisplayStruct.swift */; };
		401CD2FB1F81672A009370CE /* ApiConfigTesting.swift in Sources */ = {isa = PBXBuildFile; fileRef = 401CD2FA1F81672A009370CE /* ApiConfigTesting.swift */; };
		40499F861F7ED87A007E6EC0 /* CreateAccount.swift in Sources */ = {isa = PBXBuildFile; fileRef = 40499F851F7ED87A007E6EC0 /* CreateAccount.swift */; };
		40499F881F7EF581007E6EC0 /* HomeController.swift in Sources */ = {isa = PBXBuildFile; fileRef = 40499F871F7EF581007E6EC0 /* HomeController.swift */; };
		40499F8A1F7EFF44007E6EC0 /* ProfileController.swift in Sources */ = {isa = PBXBuildFile; fileRef = 40499F891F7EFF44007E6EC0 /* ProfileController.swift */; };
		408291551F7B34280070FC0C /* GoogleService-Info.plist in Resources */ = {isa = PBXBuildFile; fileRef = 408291541F7B34280070FC0C /* GoogleService-Info.plist */; };
		40A6D9971F808EE2004CCE9E /* ApiConfigNotUsed.swift in Sources */ = {isa = PBXBuildFile; fileRef = 40A6D9961F808EE2004CCE9E /* ApiConfigNotUsed.swift */; };
/* End PBXBuildFile section */

/* Begin PBXFileReference section */
		0457E86B935DC28F6B9CBC84 /* Pods-JobSpot-iOS.release.xcconfig */ = {isa = PBXFileReference; includeInIndex = 1; lastKnownFileType = text.xcconfig; name = "Pods-JobSpot-iOS.release.xcconfig"; path = "Pods/Target Support Files/Pods-JobSpot-iOS/Pods-JobSpot-iOS.release.xcconfig"; sourceTree = "<group>"; };
		27C8BD7E9C5F24A65C41403F /* Pods_JobSpot_iOS.framework */ = {isa = PBXFileReference; explicitFileType = wrapper.framework; includeInIndex = 0; path = Pods_JobSpot_iOS.framework; sourceTree = BUILT_PRODUCTS_DIR; };
		400F9CA31F81AD0000572B04 /* DisplayAnnotation.swift */ = {isa = PBXFileReference; fileEncoding = 4; lastKnownFileType = sourcecode.swift; path = DisplayAnnotation.swift; sourceTree = "<group>"; };
		400F9CA51F81C3A600572B04 /* HomeControllerLV.swift */ = {isa = PBXFileReference; fileEncoding = 4; lastKnownFileType = sourcecode.swift; path = HomeControllerLV.swift; sourceTree = "<group>"; };
		40179B231F7B25E9003E0021 /* JobSpot-iOS.app */ = {isa = PBXFileReference; explicitFileType = wrapper.application; includeInIndex = 0; path = "JobSpot-iOS.app"; sourceTree = BUILT_PRODUCTS_DIR; };
		40179B261F7B25E9003E0021 /* AppDelegate.swift */ = {isa = PBXFileReference; lastKnownFileType = sourcecode.swift; path = AppDelegate.swift; sourceTree = "<group>"; };
		40179B281F7B25E9003E0021 /* ViewController.swift */ = {isa = PBXFileReference; lastKnownFileType = sourcecode.swift; path = ViewController.swift; sourceTree = "<group>"; };
		40179B2B1F7B25E9003E0021 /* Base */ = {isa = PBXFileReference; lastKnownFileType = file.storyboard; name = Base; path = Base.lproj/Main.storyboard; sourceTree = "<group>"; };
		40179B2D1F7B25E9003E0021 /* Assets.xcassets */ = {isa = PBXFileReference; lastKnownFileType = folder.assetcatalog; path = Assets.xcassets; sourceTree = "<group>"; };
		40179B301F7B25E9003E0021 /* Base */ = {isa = PBXFileReference; lastKnownFileType = file.storyboard; name = Base; path = Base.lproj/LaunchScreen.storyboard; sourceTree = "<group>"; };
		40179B321F7B25E9003E0021 /* Info.plist */ = {isa = PBXFileReference; lastKnownFileType = text.plist.xml; path = Info.plist; sourceTree = "<group>"; };
		401A049A1F8862F90061AA79 /* YNDropDown.xib */ = {isa = PBXFileReference; fileEncoding = 4; lastKnownFileType = file.xib; path = YNDropDown.xib; sourceTree = "<group>"; };
		401A049C1F886BD00061AA79 /* YNDropDownClasses.swift */ = {isa = PBXFileReference; fileEncoding = 4; lastKnownFileType = sourcecode.swift; path = YNDropDownClasses.swift; sourceTree = "<group>"; };
		401A049E1F8890A20061AA79 /* ListViewController.swift */ = {isa = PBXFileReference; fileEncoding = 4; lastKnownFileType = sourcecode.swift; path = ListViewController.swift; sourceTree = "<group>"; };
		401A04A11F89678F0061AA79 /* DisplayStruct.swift */ = {isa = PBXFileReference; fileEncoding = 4; lastKnownFileType = sourcecode.swift; path = DisplayStruct.swift; sourceTree = "<group>"; };
		401CD2FA1F81672A009370CE /* ApiConfigTesting.swift */ = {isa = PBXFileReference; fileEncoding = 4; lastKnownFileType = sourcecode.swift; path = ApiConfigTesting.swift; sourceTree = "<group>"; };
		40499F851F7ED87A007E6EC0 /* CreateAccount.swift */ = {isa = PBXFileReference; fileEncoding = 4; lastKnownFileType = sourcecode.swift; path = CreateAccount.swift; sourceTree = "<group>"; };
		40499F871F7EF581007E6EC0 /* HomeController.swift */ = {isa = PBXFileReference; fileEncoding = 4; lastKnownFileType = sourcecode.swift; path = HomeController.swift; sourceTree = "<group>"; wrapsLines = 0; };
		40499F891F7EFF44007E6EC0 /* ProfileController.swift */ = {isa = PBXFileReference; fileEncoding = 4; lastKnownFileType = sourcecode.swift; path = ProfileController.swift; sourceTree = "<group>"; };
		408291541F7B34280070FC0C /* GoogleService-Info.plist */ = {isa = PBXFileReference; fileEncoding = 4; lastKnownFileType = text.plist.xml; path = "GoogleService-Info.plist"; sourceTree = "<group>"; };
		40A6D9961F808EE2004CCE9E /* ApiConfigNotUsed.swift */ = {isa = PBXFileReference; fileEncoding = 4; lastKnownFileType = sourcecode.swift; path = ApiConfigNotUsed.swift; sourceTree = "<group>"; };
		D27025ACAE22468321F205B2 /* Pods-JobSpot-iOS.debug.xcconfig */ = {isa = PBXFileReference; includeInIndex = 1; lastKnownFileType = text.xcconfig; name = "Pods-JobSpot-iOS.debug.xcconfig"; path = "Pods/Target Support Files/Pods-JobSpot-iOS/Pods-JobSpot-iOS.debug.xcconfig"; sourceTree = "<group>"; };
/* End PBXFileReference section */

/* Begin PBXFrameworksBuildPhase section */
		40179B201F7B25E9003E0021 /* Frameworks */ = {
			isa = PBXFrameworksBuildPhase;
			buildActionMask = 2147483647;
			files = (
				3F28146910C4B023A6092E94 /* Pods_JobSpot_iOS.framework in Frameworks */,
			);
			runOnlyForDeploymentPostprocessing = 0;
		};
/* End PBXFrameworksBuildPhase section */

/* Begin PBXGroup section */
		40179B1A1F7B25E9003E0021 = {
			isa = PBXGroup;
			children = (
				40179B251F7B25E9003E0021 /* JobSpot-iOS */,
				40179B241F7B25E9003E0021 /* Products */,
				91E4E48300A208F53E54BAEE /* Pods */,
				A43C4F25C9DF6E70567B4073 /* Frameworks */,
			);
			sourceTree = "<group>";
		};
		40179B241F7B25E9003E0021 /* Products */ = {
			isa = PBXGroup;
			children = (
				40179B231F7B25E9003E0021 /* JobSpot-iOS.app */,
			);
			name = Products;
			sourceTree = "<group>";
		};
		40179B251F7B25E9003E0021 /* JobSpot-iOS */ = {
			isa = PBXGroup;
			children = (
				401A04A01F8967750061AA79 /* Structures */,
				408291541F7B34280070FC0C /* GoogleService-Info.plist */,
				40499F831F7B3E6D007E6EC0 /* SwiftFiles */,
				40499F841F7B4055007E6EC0 /* Storyboards */,
				401A04991F8862E60061AA79 /* Views */,
				40179B2D1F7B25E9003E0021 /* Assets.xcassets */,
				40179B321F7B25E9003E0021 /* Info.plist */,
			);
			path = "JobSpot-iOS";
			sourceTree = "<group>";
		};
		401A04991F8862E60061AA79 /* Views */ = {
			isa = PBXGroup;
			children = (
				401A049A1F8862F90061AA79 /* YNDropDown.xib */,
			);
			name = Views;
			sourceTree = "<group>";
		};
		401A04A01F8967750061AA79 /* Structures */ = {
			isa = PBXGroup;
			children = (
				401A04A11F89678F0061AA79 /* DisplayStruct.swift */,
			);
			name = Structures;
			sourceTree = "<group>";
		};
		40499F831F7B3E6D007E6EC0 /* SwiftFiles */ = {
			isa = PBXGroup;
			children = (
				40179B261F7B25E9003E0021 /* AppDelegate.swift */,
				40179B281F7B25E9003E0021 /* ViewController.swift */,
				40499F851F7ED87A007E6EC0 /* CreateAccount.swift */,
				40499F871F7EF581007E6EC0 /* HomeController.swift */,
				401A049E1F8890A20061AA79 /* ListViewController.swift */,
				400F9CA51F81C3A600572B04 /* HomeControllerLV.swift */,
				40499F891F7EFF44007E6EC0 /* ProfileController.swift */,
				40A6D9961F808EE2004CCE9E /* ApiConfigNotUsed.swift */,
				401CD2FA1F81672A009370CE /* ApiConfigTesting.swift */,
				400F9CA31F81AD0000572B04 /* DisplayAnnotation.swift */,
				401A049C1F886BD00061AA79 /* YNDropDownClasses.swift */,
			);
			name = SwiftFiles;
			sourceTree = "<group>";
		};
		40499F841F7B4055007E6EC0 /* Storyboards */ = {
			isa = PBXGroup;
			children = (
				40179B2A1F7B25E9003E0021 /* Main.storyboard */,
				40179B2F1F7B25E9003E0021 /* LaunchScreen.storyboard */,
			);
			name = Storyboards;
			sourceTree = "<group>";
		};
		91E4E48300A208F53E54BAEE /* Pods */ = {
			isa = PBXGroup;
			children = (
				D27025ACAE22468321F205B2 /* Pods-JobSpot-iOS.debug.xcconfig */,
				0457E86B935DC28F6B9CBC84 /* Pods-JobSpot-iOS.release.xcconfig */,
			);
			name = Pods;
			sourceTree = "<group>";
		};
		A43C4F25C9DF6E70567B4073 /* Frameworks */ = {
			isa = PBXGroup;
			children = (
				27C8BD7E9C5F24A65C41403F /* Pods_JobSpot_iOS.framework */,
			);
			name = Frameworks;
			sourceTree = "<group>";
		};
/* End PBXGroup section */

/* Begin PBXNativeTarget section */
		40179B221F7B25E9003E0021 /* JobSpot-iOS */ = {
			isa = PBXNativeTarget;
			buildConfigurationList = 40179B351F7B25E9003E0021 /* Build configuration list for PBXNativeTarget "JobSpot-iOS" */;
			buildPhases = (
				C4AE49BE2D3985211DAE08D5 /* [CP] Check Pods Manifest.lock */,
				40179B1F1F7B25E9003E0021 /* Sources */,
				40179B201F7B25E9003E0021 /* Frameworks */,
				40179B211F7B25E9003E0021 /* Resources */,
				0951C7C83B520F8A60C71F09 /* [CP] Embed Pods Frameworks */,
				86DC9B653E9F84CB75E7F142 /* [CP] Copy Pods Resources */,
			);
			buildRules = (
			);
			dependencies = (
			);
			name = "JobSpot-iOS";
			productName = "JobSpot-iOS";
			productReference = 40179B231F7B25E9003E0021 /* JobSpot-iOS.app */;
			productType = "com.apple.product-type.application";
		};
/* End PBXNativeTarget section */

/* Begin PBXProject section */
		40179B1B1F7B25E9003E0021 /* Project object */ = {
			isa = PBXProject;
			attributes = {
				LastSwiftUpdateCheck = 0830;
				LastUpgradeCheck = 0830;
				ORGANIZATIONNAME = JobSpot;
				TargetAttributes = {
					40179B221F7B25E9003E0021 = {
						CreatedOnToolsVersion = 8.3.3;
						DevelopmentTeam = UDZJ24KCX9;
						ProvisioningStyle = Automatic;
					};
				};
			};
			buildConfigurationList = 40179B1E1F7B25E9003E0021 /* Build configuration list for PBXProject "JobSpot-iOS" */;
			compatibilityVersion = "Xcode 3.2";
			developmentRegion = English;
			hasScannedForEncodings = 0;
			knownRegions = (
				en,
				Base,
			);
			mainGroup = 40179B1A1F7B25E9003E0021;
			productRefGroup = 40179B241F7B25E9003E0021 /* Products */;
			projectDirPath = "";
			projectRoot = "";
			targets = (
				40179B221F7B25E9003E0021 /* JobSpot-iOS */,
			);
		};
/* End PBXProject section */

/* Begin PBXResourcesBuildPhase section */
		40179B211F7B25E9003E0021 /* Resources */ = {
			isa = PBXResourcesBuildPhase;
			buildActionMask = 2147483647;
			files = (
				40179B311F7B25E9003E0021 /* LaunchScreen.storyboard in Resources */,
				401A049B1F8862F90061AA79 /* YNDropDown.xib in Resources */,
				408291551F7B34280070FC0C /* GoogleService-Info.plist in Resources */,
				40179B2E1F7B25E9003E0021 /* Assets.xcassets in Resources */,
				40179B2C1F7B25E9003E0021 /* Main.storyboard in Resources */,
			);
			runOnlyForDeploymentPostprocessing = 0;
		};
/* End PBXResourcesBuildPhase section */

/* Begin PBXShellScriptBuildPhase section */
		0951C7C83B520F8A60C71F09 /* [CP] Embed Pods Frameworks */ = {
			isa = PBXShellScriptBuildPhase;
			buildActionMask = 2147483647;
			files = (
			);
			inputPaths = (
			);
			name = "[CP] Embed Pods Frameworks";
			outputPaths = (
			);
			runOnlyForDeploymentPostprocessing = 0;
			shellPath = /bin/sh;
			shellScript = "\"${SRCROOT}/Pods/Target Support Files/Pods-JobSpot-iOS/Pods-JobSpot-iOS-frameworks.sh\"\n";
			showEnvVarsInLog = 0;
		};
		86DC9B653E9F84CB75E7F142 /* [CP] Copy Pods Resources */ = {
			isa = PBXShellScriptBuildPhase;
			buildActionMask = 2147483647;
			files = (
			);
			inputPaths = (
			);
			name = "[CP] Copy Pods Resources";
			outputPaths = (
			);
			runOnlyForDeploymentPostprocessing = 0;
			shellPath = /bin/sh;
			shellScript = "\"${SRCROOT}/Pods/Target Support Files/Pods-JobSpot-iOS/Pods-JobSpot-iOS-resources.sh\"\n";
			showEnvVarsInLog = 0;
		};
		C4AE49BE2D3985211DAE08D5 /* [CP] Check Pods Manifest.lock */ = {
			isa = PBXShellScriptBuildPhase;
			buildActionMask = 2147483647;
			files = (
			);
			inputPaths = (
			);
			name = "[CP] Check Pods Manifest.lock";
			outputPaths = (
			);
			runOnlyForDeploymentPostprocessing = 0;
			shellPath = /bin/sh;
			shellScript = "diff \"${PODS_ROOT}/../Podfile.lock\" \"${PODS_ROOT}/Manifest.lock\" > /dev/null\nif [ $? != 0 ] ; then\n    # print error to STDERR\n    echo \"error: The sandbox is not in sync with the Podfile.lock. Run 'pod install' or update your CocoaPods installation.\" >&2\n    exit 1\nfi\n";
			showEnvVarsInLog = 0;
		};
/* End PBXShellScriptBuildPhase section */

/* Begin PBXSourcesBuildPhase section */
		40179B1F1F7B25E9003E0021 /* Sources */ = {
			isa = PBXSourcesBuildPhase;
			buildActionMask = 2147483647;
			files = (
				40A6D9971F808EE2004CCE9E /* ApiConfigNotUsed.swift in Sources */,
				401A04A21F89678F0061AA79 /* DisplayStruct.swift in Sources */,
				400F9CA61F81C3A600572B04 /* HomeControllerLV.swift in Sources */,
				401A049D1F886BD00061AA79 /* YNDropDownClasses.swift in Sources */,
				40499F8A1F7EFF44007E6EC0 /* ProfileController.swift in Sources */,
				401CD2FB1F81672A009370CE /* ApiConfigTesting.swift in Sources */,
				401A049F1F8890A20061AA79 /* ListViewController.swift in Sources */,
				400F9CA41F81AD0000572B04 /* DisplayAnnotation.swift in Sources */,
				40499F881F7EF581007E6EC0 /* HomeController.swift in Sources */,
				40179B291F7B25E9003E0021 /* ViewController.swift in Sources */,
				40499F861F7ED87A007E6EC0 /* CreateAccount.swift in Sources */,
				40179B271F7B25E9003E0021 /* AppDelegate.swift in Sources */,
			);
			runOnlyForDeploymentPostprocessing = 0;
		};
/* End PBXSourcesBuildPhase section */

/* Begin PBXVariantGroup section */
		40179B2A1F7B25E9003E0021 /* Main.storyboard */ = {
			isa = PBXVariantGroup;
			children = (
				40179B2B1F7B25E9003E0021 /* Base */,
			);
			name = Main.storyboard;
			sourceTree = "<group>";
		};
		40179B2F1F7B25E9003E0021 /* LaunchScreen.storyboard */ = {
			isa = PBXVariantGroup;
			children = (
				40179B301F7B25E9003E0021 /* Base */,
			);
			name = LaunchScreen.storyboard;
			sourceTree = "<group>";
		};
/* End PBXVariantGroup section */

/* Begin XCBuildConfiguration section */
		40179B331F7B25E9003E0021 /* Debug */ = {
			isa = XCBuildConfiguration;
			buildSettings = {
				ALWAYS_SEARCH_USER_PATHS = NO;
				CLANG_ANALYZER_NONNULL = YES;
				CLANG_ANALYZER_NUMBER_OBJECT_CONVERSION = YES_AGGRESSIVE;
				CLANG_CXX_LANGUAGE_STANDARD = "gnu++0x";
				CLANG_CXX_LIBRARY = "libc++";
				CLANG_ENABLE_MODULES = YES;
				CLANG_ENABLE_OBJC_ARC = YES;
				CLANG_WARN_BOOL_CONVERSION = YES;
				CLANG_WARN_CONSTANT_CONVERSION = YES;
				CLANG_WARN_DIRECT_OBJC_ISA_USAGE = YES_ERROR;
				CLANG_WARN_DOCUMENTATION_COMMENTS = YES;
				CLANG_WARN_EMPTY_BODY = YES;
				CLANG_WARN_ENUM_CONVERSION = YES;
				CLANG_WARN_INFINITE_RECURSION = YES;
				CLANG_WARN_INT_CONVERSION = YES;
				CLANG_WARN_OBJC_ROOT_CLASS = YES_ERROR;
				CLANG_WARN_SUSPICIOUS_MOVE = YES;
				CLANG_WARN_UNREACHABLE_CODE = YES;
				CLANG_WARN__DUPLICATE_METHOD_MATCH = YES;
				"CODE_SIGN_IDENTITY[sdk=iphoneos*]" = "iPhone Developer";
				COPY_PHASE_STRIP = NO;
				DEBUG_INFORMATION_FORMAT = dwarf;
				ENABLE_STRICT_OBJC_MSGSEND = YES;
				ENABLE_TESTABILITY = YES;
				GCC_C_LANGUAGE_STANDARD = gnu99;
				GCC_DYNAMIC_NO_PIC = NO;
				GCC_NO_COMMON_BLOCKS = YES;
				GCC_OPTIMIZATION_LEVEL = 0;
				GCC_PREPROCESSOR_DEFINITIONS = (
					"DEBUG=1",
					"$(inherited)",
				);
				GCC_WARN_64_TO_32_BIT_CONVERSION = YES;
				GCC_WARN_ABOUT_RETURN_TYPE = YES_ERROR;
				GCC_WARN_UNDECLARED_SELECTOR = YES;
				GCC_WARN_UNINITIALIZED_AUTOS = YES_AGGRESSIVE;
				GCC_WARN_UNUSED_FUNCTION = YES;
				GCC_WARN_UNUSED_VARIABLE = YES;
				IPHONEOS_DEPLOYMENT_TARGET = 10.3;
				MTL_ENABLE_DEBUG_INFO = YES;
				ONLY_ACTIVE_ARCH = YES;
				SDKROOT = iphoneos;
				SWIFT_ACTIVE_COMPILATION_CONDITIONS = DEBUG;
				SWIFT_OPTIMIZATION_LEVEL = "-Onone";
			};
			name = Debug;
		};
		40179B341F7B25E9003E0021 /* Release */ = {
			isa = XCBuildConfiguration;
			buildSettings = {
				ALWAYS_SEARCH_USER_PATHS = NO;
				CLANG_ANALYZER_NONNULL = YES;
				CLANG_ANALYZER_NUMBER_OBJECT_CONVERSION = YES_AGGRESSIVE;
				CLANG_CXX_LANGUAGE_STANDARD = "gnu++0x";
				CLANG_CXX_LIBRARY = "libc++";
				CLANG_ENABLE_MODULES = YES;
				CLANG_ENABLE_OBJC_ARC = YES;
				CLANG_WARN_BOOL_CONVERSION = YES;
				CLANG_WARN_CONSTANT_CONVERSION = YES;
				CLANG_WARN_DIRECT_OBJC_ISA_USAGE = YES_ERROR;
				CLANG_WARN_DOCUMENTATION_COMMENTS = YES;
				CLANG_WARN_EMPTY_BODY = YES;
				CLANG_WARN_ENUM_CONVERSION = YES;
				CLANG_WARN_INFINITE_RECURSION = YES;
				CLANG_WARN_INT_CONVERSION = YES;
				CLANG_WARN_OBJC_ROOT_CLASS = YES_ERROR;
				CLANG_WARN_SUSPICIOUS_MOVE = YES;
				CLANG_WARN_UNREACHABLE_CODE = YES;
				CLANG_WARN__DUPLICATE_METHOD_MATCH = YES;
				"CODE_SIGN_IDENTITY[sdk=iphoneos*]" = "iPhone Developer";
				COPY_PHASE_STRIP = NO;
				DEBUG_INFORMATION_FORMAT = "dwarf-with-dsym";
				ENABLE_NS_ASSERTIONS = NO;
				ENABLE_STRICT_OBJC_MSGSEND = YES;
				GCC_C_LANGUAGE_STANDARD = gnu99;
				GCC_NO_COMMON_BLOCKS = YES;
				GCC_WARN_64_TO_32_BIT_CONVERSION = YES;
				GCC_WARN_ABOUT_RETURN_TYPE = YES_ERROR;
				GCC_WARN_UNDECLARED_SELECTOR = YES;
				GCC_WARN_UNINITIALIZED_AUTOS = YES_AGGRESSIVE;
				GCC_WARN_UNUSED_FUNCTION = YES;
				GCC_WARN_UNUSED_VARIABLE = YES;
				IPHONEOS_DEPLOYMENT_TARGET = 10.3;
				MTL_ENABLE_DEBUG_INFO = NO;
				SDKROOT = iphoneos;
				SWIFT_OPTIMIZATION_LEVEL = "-Owholemodule";
				VALIDATE_PRODUCT = YES;
			};
			name = Release;
		};
		40179B361F7B25E9003E0021 /* Debug */ = {
			isa = XCBuildConfiguration;
			baseConfigurationReference = D27025ACAE22468321F205B2 /* Pods-JobSpot-iOS.debug.xcconfig */;
			buildSettings = {
				ASSETCATALOG_COMPILER_APPICON_NAME = AppIcon;
				DEVELOPMENT_TEAM = UDZJ24KCX9;
				INFOPLIST_FILE = "JobSpot-iOS/Info.plist";
				LD_RUNPATH_SEARCH_PATHS = "$(inherited) @executable_path/Frameworks";
				PRODUCT_BUNDLE_IDENTIFIER = "JobSpot.JobSpot-iOS";
				PRODUCT_NAME = "$(TARGET_NAME)";
				SWIFT_VERSION = 3.0;
			};
			name = Debug;
		};
		40179B371F7B25E9003E0021 /* Release */ = {
			isa = XCBuildConfiguration;
			baseConfigurationReference = 0457E86B935DC28F6B9CBC84 /* Pods-JobSpot-iOS.release.xcconfig */;
			buildSettings = {
				ASSETCATALOG_COMPILER_APPICON_NAME = AppIcon;
				DEVELOPMENT_TEAM = UDZJ24KCX9;
				INFOPLIST_FILE = "JobSpot-iOS/Info.plist";
				LD_RUNPATH_SEARCH_PATHS = "$(inherited) @executable_path/Frameworks";
				PRODUCT_BUNDLE_IDENTIFIER = "JobSpot.JobSpot-iOS";
				PRODUCT_NAME = "$(TARGET_NAME)";
				SWIFT_VERSION = 3.0;
			};
			name = Release;
		};
/* End XCBuildConfiguration section */

/* Begin XCConfigurationList section */
		40179B1E1F7B25E9003E0021 /* Build configuration list for PBXProject "JobSpot-iOS" */ = {
			isa = XCConfigurationList;
			buildConfigurations = (
				40179B331F7B25E9003E0021 /* Debug */,
				40179B341F7B25E9003E0021 /* Release */,
			);
			defaultConfigurationIsVisible = 0;
			defaultConfigurationName = Release;
		};
		40179B351F7B25E9003E0021 /* Build configuration list for PBXNativeTarget "JobSpot-iOS" */ = {
			isa = XCConfigurationList;
			buildConfigurations = (
				40179B361F7B25E9003E0021 /* Debug */,
				40179B371F7B25E9003E0021 /* Release */,
			);
			defaultConfigurationIsVisible = 0;
			defaultConfigurationName = Release;
		};
/* End XCConfigurationList section */
	};
	rootObject = 40179B1B1F7B25E9003E0021 /* Project object */;
}
